// !$*UTF8*$!
{
	archiveVersion = 1;
	classes = {
	};
	objectVersion = 46;
	objects = {

/* Begin PBXBuildFile section */
		914BC6FC1D8834F5004A1F68 /* Page.swift in Sources */ = {isa = PBXBuildFile; fileRef = 914BC6FB1D8834F5004A1F68 /* Page.swift */; };
		9162F4841D8EF9EC00DC30C4 /* Extensions.swift in Sources */ = {isa = PBXBuildFile; fileRef = 9162F4831D8EF9EC00DC30C4 /* Extensions.swift */; };
		91E207901D87DF48001BD699 /* AppDelegate.swift in Sources */ = {isa = PBXBuildFile; fileRef = 91E2078F1D87DF48001BD699 /* AppDelegate.swift */; };
		91E207921D87DF48001BD699 /* ViewController.swift in Sources */ = {isa = PBXBuildFile; fileRef = 91E207911D87DF48001BD699 /* ViewController.swift */; };
		91E207951D87DF49001BD699 /* Main.storyboard in Resources */ = {isa = PBXBuildFile; fileRef = 91E207931D87DF49001BD699 /* Main.storyboard */; };
		91E207971D87DF49001BD699 /* Assets.xcassets in Resources */ = {isa = PBXBuildFile; fileRef = 91E207961D87DF49001BD699 /* Assets.xcassets */; };
		91E2079A1D87DF49001BD699 /* LaunchScreen.storyboard in Resources */ = {isa = PBXBuildFile; fileRef = 91E207981D87DF49001BD699 /* LaunchScreen.storyboard */; };
		91E207A21D87EA44001BD699 /* PageCell.swift in Sources */ = {isa = PBXBuildFile; fileRef = 91E207A11D87EA44001BD699 /* PageCell.swift */; };
/* End PBXBuildFile section */

/* Begin PBXFileReference section */
		914BC6FB1D8834F5004A1F68 /* Page.swift */ = {isa = PBXFileReference; fileEncoding = 4; lastKnownFileType = sourcecode.swift; path = Page.swift; sourceTree = "<group>"; };
		9162F4831D8EF9EC00DC30C4 /* Extensions.swift */ = {isa = PBXFileReference; fileEncoding = 4; lastKnownFileType = sourcecode.swift; path = Extensions.swift; sourceTree = "<group>"; };
		91E2078C1D87DF48001BD699 /* Intro Guide.app */ = {isa = PBXFileReference; explicitFileType = wrapper.application; includeInIndex = 0; path = "Intro Guide.app"; sourceTree = BUILT_PRODUCTS_DIR; };
		91E2078F1D87DF48001BD699 /* AppDelegate.swift */ = {isa = PBXFileReference; lastKnownFileType = sourcecode.swift; path = AppDelegate.swift; sourceTree = "<group>"; };
		91E207911D87DF48001BD699 /* ViewController.swift */ = {isa = PBXFileReference; lastKnownFileType = sourcecode.swift; path = ViewController.swift; sourceTree = "<group>"; };
		91E207941D87DF49001BD699 /* Base */ = {isa = PBXFileReference; lastKnownFileType = file.storyboard; name = Base; path = Base.lproj/Main.storyboard; sourceTree = "<group>"; };
		91E207961D87DF49001BD699 /* Assets.xcassets */ = {isa = PBXFileReference; lastKnownFileType = folder.assetcatalog; path = Assets.xcassets; sourceTree = "<group>"; };
		91E207991D87DF49001BD699 /* Base */ = {isa = PBXFileReference; lastKnownFileType = file.storyboard; name = Base; path = Base.lproj/LaunchScreen.storyboard; sourceTree = "<group>"; };
		91E2079B1D87DF49001BD699 /* Info.plist */ = {isa = PBXFileReference; lastKnownFileType = text.plist.xml; path = Info.plist; sourceTree = "<group>"; };
		91E207A11D87EA44001BD699 /* PageCell.swift */ = {isa = PBXFileReference; fileEncoding = 4; lastKnownFileType = sourcecode.swift; path = PageCell.swift; sourceTree = "<group>"; };
/* End PBXFileReference section */

/* Begin PBXFrameworksBuildPhase section */
		91E207891D87DF48001BD699 /* Frameworks */ = {
			isa = PBXFrameworksBuildPhase;
			buildActionMask = 2147483647;
			files = (
			);
			runOnlyForDeploymentPostprocessing = 0;
		};
/* End PBXFrameworksBuildPhase section */

/* Begin PBXGroup section */
		91E207831D87DF48001BD699 = {
			isa = PBXGroup;
			children = (
				91E2078E1D87DF48001BD699 /* Intro Guide */,
				91E2078D1D87DF48001BD699 /* Products */,
			);
			sourceTree = "<group>";
		};
		91E2078D1D87DF48001BD699 /* Products */ = {
			isa = PBXGroup;
			children = (
				91E2078C1D87DF48001BD699 /* Intro Guide.app */,
			);
			name = Products;
			sourceTree = "<group>";
		};
		91E2078E1D87DF48001BD699 /* Intro Guide */ = {
			isa = PBXGroup;
			children = (
				91E2078F1D87DF48001BD699 /* AppDelegate.swift */,
				91E207911D87DF48001BD699 /* ViewController.swift */,
				91E207931D87DF49001BD699 /* Main.storyboard */,
				91E207961D87DF49001BD699 /* Assets.xcassets */,
				91E207981D87DF49001BD699 /* LaunchScreen.storyboard */,
				91E2079B1D87DF49001BD699 /* Info.plist */,
				91E207A11D87EA44001BD699 /* PageCell.swift */,
				914BC6FB1D8834F5004A1F68 /* Page.swift */,
				9162F4831D8EF9EC00DC30C4 /* Extensions.swift */,
			);
			path = "Intro Guide";
			sourceTree = "<group>";
		};
/* End PBXGroup section */

/* Begin PBXNativeTarget section */
		91E2078B1D87DF48001BD699 /* Intro Guide */ = {
			isa = PBXNativeTarget;
			buildConfigurationList = 91E2079E1D87DF49001BD699 /* Build configuration list for PBXNativeTarget "Intro Guide" */;
			buildPhases = (
				91E207881D87DF48001BD699 /* Sources */,
				91E207891D87DF48001BD699 /* Frameworks */,
				91E2078A1D87DF48001BD699 /* Resources */,
			);
			buildRules = (
			);
			dependencies = (
			);
			name = "Intro Guide";
			productName = "Intro Guide";
			productReference = 91E2078C1D87DF48001BD699 /* Intro Guide.app */;
			productType = "com.apple.product-type.application";
		};
/* End PBXNativeTarget section */

/* Begin PBXProject section */
		91E207841D87DF48001BD699 /* Project object */ = {
			isa = PBXProject;
			attributes = {
				LastSwiftUpdateCheck = 0730;
				LastUpgradeCheck = 0800;
				ORGANIZATIONNAME = "Stanley Pan";
				TargetAttributes = {
					91E2078B1D87DF48001BD699 = {
						CreatedOnToolsVersion = 7.3.1;
						DevelopmentTeam = P48JT8XFF3;
						LastSwiftMigration = 0800;
					};
				};
			};
			buildConfigurationList = 91E207871D87DF48001BD699 /* Build configuration list for PBXProject "Intro Guide" */;
			compatibilityVersion = "Xcode 3.2";
			developmentRegion = English;
			hasScannedForEncodings = 0;
			knownRegions = (
				en,
				Base,
			);
			mainGroup = 91E207831D87DF48001BD699;
			productRefGroup = 91E2078D1D87DF48001BD699 /* Products */;
			projectDirPath = "";
			projectRoot = "";
			targets = (
				91E2078B1D87DF48001BD699 /* Intro Guide */,
			);
		};
/* End PBXProject section */

/* Begin PBXResourcesBuildPhase section */
		91E2078A1D87DF48001BD699 /* Resources */ = {
			isa = PBXResourcesBuildPhase;
			buildActionMask = 2147483647;
			files = (
				91E2079A1D87DF49001BD699 /* LaunchScreen.storyboard in Resources */,
				91E207971D87DF49001BD699 /* Assets.xcassets in Resources */,
				91E207951D87DF49001BD699 /* Main.storyboard in Resources */,
			);
			runOnlyForDeploymentPostprocessing = 0;
		};
/* End PBXResourcesBuildPhase section */

/* Begin PBXSourcesBuildPhase section */
		91E207881D87DF48001BD699 /* Sources */ = {
			isa = PBXSourcesBuildPhase;
			buildActionMask = 2147483647;
			files = (
				9162F4841D8EF9EC00DC30C4 /* Extensions.swift in Sources */,
				91E207921D87DF48001BD699 /* ViewController.swift in Sources */,
				91E207901D87DF48001BD699 /* AppDelegate.swift in Sources */,
				914BC6FC1D8834F5004A1F68 /* Page.swift in Sources */,
				91E207A21D87EA44001BD699 /* PageCell.swift in Sources */,
			);
			runOnlyForDeploymentPostprocessing = 0;
		};
/* End PBXSourcesBuildPhase section */

/* Begin PBXVariantGroup section */
		91E207931D87DF49001BD699 /* Main.storyboard */ = {
			isa = PBXVariantGroup;
			children = (
				91E207941D87DF49001BD699 /* Base */,
			);
			name = Main.storyboard;
			sourceTree = "<group>";
		};
		91E207981D87DF49001BD699 /* LaunchScreen.storyboard */ = {
			isa = PBXVariantGroup;
			children = (
				91E207991D87DF49001BD699 /* Base */,
			);
			name = LaunchScreen.storyboard;
			sourceTree = "<group>";
		};
/* End PBXVariantGroup section */

/* Begin XCBuildConfiguration section */
		91E2079C1D87DF49001BD699 /* Debug */ = {
			isa = XCBuildConfiguration;
			buildSettings = {
				ALWAYS_SEARCH_USER_PATHS = NO;
				CLANG_ANALYZER_NONNULL = YES;
				CLANG_CXX_LANGUAGE_STANDARD = "gnu++0x";
				CLANG_CXX_LIBRARY = "libc++";
				CLANG_ENABLE_MODULES = YES;
				CLANG_ENABLE_OBJC_ARC = YES;
				CLANG_WARN_BOOL_CONVERSION = YES;
				CLANG_WARN_CONSTANT_CONVERSION = YES;
				CLANG_WARN_DIRECT_OBJC_ISA_USAGE = YES_ERROR;
				CLANG_WARN_EMPTY_BODY = YES;
				CLANG_WARN_ENUM_CONVERSION = YES;
				CLANG_WARN_INFINITE_RECURSION = YES;
				CLANG_WARN_INT_CONVERSION = YES;
				CLANG_WARN_OBJC_ROOT_CLASS = YES_ERROR;
				CLANG_WARN_SUSPICIOUS_MOVE = YES;
				CLANG_WARN_UNREACHABLE_CODE = YES;
				CLANG_WARN__DUPLICATE_METHOD_MATCH = YES;
				"CODE_SIGN_IDENTITY[sdk=iphoneos*]" = "iPhone Developer";
				COPY_PHASE_STRIP = NO;
				DEBUG_INFORMATION_FORMAT = dwarf;
				ENABLE_STRICT_OBJC_MSGSEND = YES;
				ENABLE_TESTABILITY = YES;
				GCC_C_LANGUAGE_STANDARD = gnu99;
				GCC_DYNAMIC_NO_PIC = NO;
				GCC_NO_COMMON_BLOCKS = YES;
				GCC_OPTIMIZATION_LEVEL = 0;
				GCC_PREPROCESSOR_DEFINITIONS = (
					"DEBUG=1",
					"$(inherited)",
				);
				GCC_WARN_64_TO_32_BIT_CONVERSION = YES;
				GCC_WARN_ABOUT_RETURN_TYPE = YES_ERROR;
				GCC_WARN_UNDECLARED_SELECTOR = YES;
				GCC_WARN_UNINITIALIZED_AUTOS = YES_AGGRESSIVE;
				GCC_WARN_UNUSED_FUNCTION = YES;
				GCC_WARN_UNUSED_VARIABLE = YES;
				IPHONEOS_DEPLOYMENT_TARGET = 9.3;
				MTL_ENABLE_DEBUG_INFO = YES;
				ONLY_ACTIVE_ARCH = YES;
				SDKROOT = iphoneos;
				SWIFT_OPTIMIZATION_LEVEL = "-Onone";
				TARGETED_DEVICE_FAMILY = "1,2";
			};
			name = Debug;
		};
		91E2079D1D87DF49001BD699 /* Release */ = {
			isa = XCBuildConfiguration;
			buildSettings = {
				ALWAYS_SEARCH_USER_PATHS = NO;
				CLANG_ANALYZER_NONNULL = YES;
				CLANG_CXX_LANGUAGE_STANDARD = "gnu++0x";
				CLANG_CXX_LIBRARY = "libc++";
				CLANG_ENABLE_MODULES = YES;
				CLANG_ENABLE_OBJC_ARC = YES;
				CLANG_WARN_BOOL_CONVERSION = YES;
				CLANG_WARN_CONSTANT_CONVERSION = YES;
				CLANG_WARN_DIRECT_OBJC_ISA_USAGE = YES_ERROR;
				CLANG_WARN_EMPTY_BODY = YES;
				CLANG_WARN_ENUM_CONVERSION = YES;
				CLANG_WARN_INFINITE_RECURSION = YES;
				CLANG_WARN_INT_CONVERSION = YES;
				CLANG_WARN_OBJC_ROOT_CLASS = YES_ERROR;
				CLANG_WARN_SUSPICIOUS_MOVE = YES;
				CLANG_WARN_UNREACHABLE_CODE = YES;
				CLANG_WARN__DUPLICATE_METHOD_MATCH = YES;
				"CODE_SIGN_IDENTITY[sdk=iphoneos*]" = "iPhone Developer";
				COPY_PHASE_STRIP = NO;
				DEBUG_INFORMATION_FORMAT = "dwarf-with-dsym";
				ENABLE_NS_ASSERTIONS = NO;
				ENABLE_STRICT_OBJC_MSGSEND = YES;
				GCC_C_LANGUAGE_STANDARD = gnu99;
				GCC_NO_COMMON_BLOCKS = YES;
				GCC_WARN_64_TO_32_BIT_CONVERSION = YES;
				GCC_WARN_ABOUT_RETURN_TYPE = YES_ERROR;
				GCC_WARN_UNDECLARED_SELECTOR = YES;
				GCC_WARN_UNINITIALIZED_AUTOS = YES_AGGRESSIVE;
				GCC_WARN_UNUSED_FUNCTION = YES;
				GCC_WARN_UNUSED_VARIABLE = YES;
				IPHONEOS_DEPLOYMENT_TARGET = 9.3;
				MTL_ENABLE_DEBUG_INFO = NO;
				SDKROOT = iphoneos;
				SWIFT_OPTIMIZATION_LEVEL = "-Owholemodule";
				TARGETED_DEVICE_FAMILY = "1,2";
				VALIDATE_PRODUCT = YES;
			};
			name = Release;
		};
		91E2079F1D87DF49001BD699 /* Debug */ = {
			isa = XCBuildConfiguration;
			buildSettings = {
				ASSETCATALOG_COMPILER_APPICON_NAME = AppIcon;
				CODE_SIGN_IDENTITY = "iPhone Developer";
				"CODE_SIGN_IDENTITY[sdk=iphoneos*]" = "iPhone Developer";
				INFOPLIST_FILE = "Intro Guide/Info.plist";
				LD_RUNPATH_SEARCH_PATHS = "$(inherited) @executable_path/Frameworks";
				PRODUCT_BUNDLE_IDENTIFIER = "com.github.iMoment.Intro-Guide";
				PRODUCT_NAME = "$(TARGET_NAME)";
				PROVISIONING_PROFILE = "";
				SWIFT_VERSION = 3.0;
			};
			name = Debug;
		};
		91E207A01D87DF49001BD699 /* Release */ = {
			isa = XCBuildConfiguration;
			buildSettings = {
				ASSETCATALOG_COMPILER_APPICON_NAME = AppIcon;
				CODE_SIGN_IDENTITY = "iPhone Developer";
				"CODE_SIGN_IDENTITY[sdk=iphoneos*]" = "iPhone Developer";
				INFOPLIST_FILE = "Intro Guide/Info.plist";
				LD_RUNPATH_SEARCH_PATHS = "$(inherited) @executable_path/Frameworks";
				PRODUCT_BUNDLE_IDENTIFIER = "com.github.iMoment.Intro-Guide";
				PRODUCT_NAME = "$(TARGET_NAME)";
				PROVISIONING_PROFILE = "";
				SWIFT_VERSION = 3.0;
			};
			name = Release;
		};
/* End XCBuildConfiguration section */

/* Begin XCConfigurationList section */
		91E207871D87DF48001BD699 /* Build configuration list for PBXProject "Intro Guide" */ = {
			isa = XCConfigurationList;
			buildConfigurations = (
				91E2079C1D87DF49001BD699 /* Debug */,
				91E2079D1D87DF49001BD699 /* Release */,
			);
			defaultConfigurationIsVisible = 0;
			defaultConfigurationName = Release;
		};
		91E2079E1D87DF49001BD699 /* Build configuration list for PBXNativeTarget "Intro Guide" */ = {
			isa = XCConfigurationList;
			buildConfigurations = (
				91E2079F1D87DF49001BD699 /* Debug */,
				91E207A01D87DF49001BD699 /* Release */,
			);
			defaultConfigurationIsVisible = 0;
			defaultConfigurationName = Release;
		};
/* End XCConfigurationList section */
	};
	rootObject = 91E207841D87DF48001BD699 /* Project object */;
}
